// !$*UTF8*$!
{
	archiveVersion = 1;
	classes = {
	};
	objectVersion = 50;
	objects = {

/* Begin PBXBuildFile section */
		AAE075B223FB5BBD000E56D4 /* AppDelegate.swift in Sources */ = {isa = PBXBuildFile; fileRef = AAE075B123FB5BBD000E56D4 /* AppDelegate.swift */; };
		AAE075B423FB5BBD000E56D4 /* SceneDelegate.swift in Sources */ = {isa = PBXBuildFile; fileRef = AAE075B323FB5BBD000E56D4 /* SceneDelegate.swift */; };
		AAE075BB23FB5BC0000E56D4 /* Assets.xcassets in Resources */ = {isa = PBXBuildFile; fileRef = AAE075BA23FB5BC0000E56D4 /* Assets.xcassets */; };
		AAE075BE23FB5BC0000E56D4 /* LaunchScreen.storyboard in Resources */ = {isa = PBXBuildFile; fileRef = AAE075BC23FB5BC0000E56D4 /* LaunchScreen.storyboard */; };
		AAE075C923FB5BC0000E56D4 /* CaptionThat2Tests.swift in Sources */ = {isa = PBXBuildFile; fileRef = AAE075C823FB5BC0000E56D4 /* CaptionThat2Tests.swift */; };
		AAE075D423FB5BC0000E56D4 /* CaptionThat2UITests.swift in Sources */ = {isa = PBXBuildFile; fileRef = AAE075D323FB5BC0000E56D4 /* CaptionThat2UITests.swift */; };
		AAE075E423FB5C7C000E56D4 /* Picture.swift in Sources */ = {isa = PBXBuildFile; fileRef = AAE075E323FB5C7C000E56D4 /* Picture.swift */; };
		AAE075E623FB5C96000E56D4 /* Caption.swift in Sources */ = {isa = PBXBuildFile; fileRef = AAE075E523FB5C96000E56D4 /* Caption.swift */; };
		AAE075EC23FB5D24000E56D4 /* Main.storyboard in Resources */ = {isa = PBXBuildFile; fileRef = AAE075EB23FB5D24000E56D4 /* Main.storyboard */; };
		AAE075F023FB5DD6000E56D4 /* LandingViewController.swift in Sources */ = {isa = PBXBuildFile; fileRef = AAE075EF23FB5DD6000E56D4 /* LandingViewController.swift */; };
		AAE075F223FB5E2F000E56D4 /* CaptionedViewController.swift in Sources */ = {isa = PBXBuildFile; fileRef = AAE075F123FB5E2F000E56D4 /* CaptionedViewController.swift */; };
/* End PBXBuildFile section */

/* Begin PBXContainerItemProxy section */
		AAE075C523FB5BC0000E56D4 /* PBXContainerItemProxy */ = {
			isa = PBXContainerItemProxy;
			containerPortal = AAE075A623FB5BBC000E56D4 /* Project object */;
			proxyType = 1;
			remoteGlobalIDString = AAE075AD23FB5BBC000E56D4;
			remoteInfo = CaptionThat2;
		};
		AAE075D023FB5BC0000E56D4 /* PBXContainerItemProxy */ = {
			isa = PBXContainerItemProxy;
			containerPortal = AAE075A623FB5BBC000E56D4 /* Project object */;
			proxyType = 1;
			remoteGlobalIDString = AAE075AD23FB5BBC000E56D4;
			remoteInfo = CaptionThat2;
		};
/* End PBXContainerItemProxy section */

/* Begin PBXFileReference section */
		AAE075AE23FB5BBC000E56D4 /* CaptionThat2.app */ = {isa = PBXFileReference; explicitFileType = wrapper.application; includeInIndex = 0; path = CaptionThat2.app; sourceTree = BUILT_PRODUCTS_DIR; };
		AAE075B123FB5BBD000E56D4 /* AppDelegate.swift */ = {isa = PBXFileReference; lastKnownFileType = sourcecode.swift; path = AppDelegate.swift; sourceTree = "<group>"; };
		AAE075B323FB5BBD000E56D4 /* SceneDelegate.swift */ = {isa = PBXFileReference; lastKnownFileType = sourcecode.swift; path = SceneDelegate.swift; sourceTree = "<group>"; };
		AAE075BA23FB5BC0000E56D4 /* Assets.xcassets */ = {isa = PBXFileReference; lastKnownFileType = folder.assetcatalog; path = Assets.xcassets; sourceTree = "<group>"; };
		AAE075BD23FB5BC0000E56D4 /* Base */ = {isa = PBXFileReference; lastKnownFileType = file.storyboard; name = Base; path = Base.lproj/LaunchScreen.storyboard; sourceTree = "<group>"; };
		AAE075BF23FB5BC0000E56D4 /* Info.plist */ = {isa = PBXFileReference; lastKnownFileType = text.plist.xml; path = Info.plist; sourceTree = "<group>"; };
		AAE075C423FB5BC0000E56D4 /* CaptionThat2Tests.xctest */ = {isa = PBXFileReference; explicitFileType = wrapper.cfbundle; includeInIndex = 0; path = CaptionThat2Tests.xctest; sourceTree = BUILT_PRODUCTS_DIR; };
		AAE075C823FB5BC0000E56D4 /* CaptionThat2Tests.swift */ = {isa = PBXFileReference; lastKnownFileType = sourcecode.swift; path = CaptionThat2Tests.swift; sourceTree = "<group>"; };
		AAE075CA23FB5BC0000E56D4 /* Info.plist */ = {isa = PBXFileReference; lastKnownFileType = text.plist.xml; path = Info.plist; sourceTree = "<group>"; };
		AAE075CF23FB5BC0000E56D4 /* CaptionThat2UITests.xctest */ = {isa = PBXFileReference; explicitFileType = wrapper.cfbundle; includeInIndex = 0; path = CaptionThat2UITests.xctest; sourceTree = BUILT_PRODUCTS_DIR; };
		AAE075D323FB5BC0000E56D4 /* CaptionThat2UITests.swift */ = {isa = PBXFileReference; lastKnownFileType = sourcecode.swift; path = CaptionThat2UITests.swift; sourceTree = "<group>"; };
		AAE075D523FB5BC0000E56D4 /* Info.plist */ = {isa = PBXFileReference; lastKnownFileType = text.plist.xml; path = Info.plist; sourceTree = "<group>"; };
		AAE075E323FB5C7C000E56D4 /* Picture.swift */ = {isa = PBXFileReference; lastKnownFileType = sourcecode.swift; path = Picture.swift; sourceTree = "<group>"; };
		AAE075E523FB5C96000E56D4 /* Caption.swift */ = {isa = PBXFileReference; lastKnownFileType = sourcecode.swift; path = Caption.swift; sourceTree = "<group>"; };
		AAE075EB23FB5D24000E56D4 /* Main.storyboard */ = {isa = PBXFileReference; lastKnownFileType = file.storyboard; path = Main.storyboard; sourceTree = "<group>"; };
		AAE075EF23FB5DD6000E56D4 /* LandingViewController.swift */ = {isa = PBXFileReference; lastKnownFileType = sourcecode.swift; path = LandingViewController.swift; sourceTree = "<group>"; };
		AAE075F123FB5E2F000E56D4 /* CaptionedViewController.swift */ = {isa = PBXFileReference; lastKnownFileType = sourcecode.swift; path = CaptionedViewController.swift; sourceTree = "<group>"; };
/* End PBXFileReference section */

/* Begin PBXFrameworksBuildPhase section */
		AAE075AB23FB5BBC000E56D4 /* Frameworks */ = {
			isa = PBXFrameworksBuildPhase;
			buildActionMask = 2147483647;
			files = (
			);
			runOnlyForDeploymentPostprocessing = 0;
		};
		AAE075C123FB5BC0000E56D4 /* Frameworks */ = {
			isa = PBXFrameworksBuildPhase;
			buildActionMask = 2147483647;
			files = (
			);
			runOnlyForDeploymentPostprocessing = 0;
		};
		AAE075CC23FB5BC0000E56D4 /* Frameworks */ = {
			isa = PBXFrameworksBuildPhase;
			buildActionMask = 2147483647;
			files = (
			);
			runOnlyForDeploymentPostprocessing = 0;
		};
/* End PBXFrameworksBuildPhase section */

/* Begin PBXGroup section */
		AAE075A523FB5BBC000E56D4 = {
			isa = PBXGroup;
			children = (
				AAE075EB23FB5D24000E56D4 /* Main.storyboard */,
				AAE075B023FB5BBC000E56D4 /* CaptionThat2 */,
				AAE075C723FB5BC0000E56D4 /* CaptionThat2Tests */,
				AAE075D223FB5BC0000E56D4 /* CaptionThat2UITests */,
				AAE075AF23FB5BBC000E56D4 /* Products */,
			);
			sourceTree = "<group>";
		};
		AAE075AF23FB5BBC000E56D4 /* Products */ = {
			isa = PBXGroup;
			children = (
				AAE075AE23FB5BBC000E56D4 /* CaptionThat2.app */,
				AAE075C423FB5BC0000E56D4 /* CaptionThat2Tests.xctest */,
				AAE075CF23FB5BC0000E56D4 /* CaptionThat2UITests.xctest */,
			);
			name = Products;
			sourceTree = "<group>";
		};
		AAE075B023FB5BBC000E56D4 /* CaptionThat2 */ = {
			isa = PBXGroup;
			children = (
				AAE075B123FB5BBD000E56D4 /* AppDelegate.swift */,
				AAE075B323FB5BBD000E56D4 /* SceneDelegate.swift */,
				AAE075E923FB5CD5000E56D4 /* Controllers */,
				AAE075EA23FB5CE6000E56D4 /* Models */,
				AAE075BA23FB5BC0000E56D4 /* Assets.xcassets */,
				AAE075BC23FB5BC0000E56D4 /* LaunchScreen.storyboard */,
				AAE075BF23FB5BC0000E56D4 /* Info.plist */,
			);
			path = CaptionThat2;
			sourceTree = "<group>";
		};
		AAE075C723FB5BC0000E56D4 /* CaptionThat2Tests */ = {
			isa = PBXGroup;
			children = (
				AAE075C823FB5BC0000E56D4 /* CaptionThat2Tests.swift */,
				AAE075CA23FB5BC0000E56D4 /* Info.plist */,
			);
			path = CaptionThat2Tests;
			sourceTree = "<group>";
		};
		AAE075D223FB5BC0000E56D4 /* CaptionThat2UITests */ = {
			isa = PBXGroup;
			children = (
				AAE075D323FB5BC0000E56D4 /* CaptionThat2UITests.swift */,
				AAE075D523FB5BC0000E56D4 /* Info.plist */,
			);
			path = CaptionThat2UITests;
			sourceTree = "<group>";
		};
		AAE075E923FB5CD5000E56D4 /* Controllers */ = {
			isa = PBXGroup;
			children = (
				AAE075EF23FB5DD6000E56D4 /* LandingViewController.swift */,
				AAE075F123FB5E2F000E56D4 /* CaptionedViewController.swift */,
			);
			path = Controllers;
			sourceTree = "<group>";
		};
		AAE075EA23FB5CE6000E56D4 /* Models */ = {
			isa = PBXGroup;
			children = (
				AAE075E323FB5C7C000E56D4 /* Picture.swift */,
				AAE075E523FB5C96000E56D4 /* Caption.swift */,
			);
			path = Models;
			sourceTree = "<group>";
		};
/* End PBXGroup section */

/* Begin PBXNativeTarget section */
		AAE075AD23FB5BBC000E56D4 /* CaptionThat2 */ = {
			isa = PBXNativeTarget;
			buildConfigurationList = AAE075D823FB5BC0000E56D4 /* Build configuration list for PBXNativeTarget "CaptionThat2" */;
			buildPhases = (
				AAE075AA23FB5BBC000E56D4 /* Sources */,
				AAE075AB23FB5BBC000E56D4 /* Frameworks */,
				AAE075AC23FB5BBC000E56D4 /* Resources */,
			);
			buildRules = (
			);
			dependencies = (
			);
			name = CaptionThat2;
			productName = CaptionThat2;
			productReference = AAE075AE23FB5BBC000E56D4 /* CaptionThat2.app */;
			productType = "com.apple.product-type.application";
		};
		AAE075C323FB5BC0000E56D4 /* CaptionThat2Tests */ = {
			isa = PBXNativeTarget;
			buildConfigurationList = AAE075DB23FB5BC0000E56D4 /* Build configuration list for PBXNativeTarget "CaptionThat2Tests" */;
			buildPhases = (
				AAE075C023FB5BC0000E56D4 /* Sources */,
				AAE075C123FB5BC0000E56D4 /* Frameworks */,
				AAE075C223FB5BC0000E56D4 /* Resources */,
			);
			buildRules = (
			);
			dependencies = (
				AAE075C623FB5BC0000E56D4 /* PBXTargetDependency */,
			);
			name = CaptionThat2Tests;
			productName = CaptionThat2Tests;
			productReference = AAE075C423FB5BC0000E56D4 /* CaptionThat2Tests.xctest */;
			productType = "com.apple.product-type.bundle.unit-test";
		};
		AAE075CE23FB5BC0000E56D4 /* CaptionThat2UITests */ = {
			isa = PBXNativeTarget;
			buildConfigurationList = AAE075DE23FB5BC0000E56D4 /* Build configuration list for PBXNativeTarget "CaptionThat2UITests" */;
			buildPhases = (
				AAE075CB23FB5BC0000E56D4 /* Sources */,
				AAE075CC23FB5BC0000E56D4 /* Frameworks */,
				AAE075CD23FB5BC0000E56D4 /* Resources */,
			);
			buildRules = (
			);
			dependencies = (
				AAE075D123FB5BC0000E56D4 /* PBXTargetDependency */,
			);
			name = CaptionThat2UITests;
			productName = CaptionThat2UITests;
			productReference = AAE075CF23FB5BC0000E56D4 /* CaptionThat2UITests.xctest */;
			productType = "com.apple.product-type.bundle.ui-testing";
		};
/* End PBXNativeTarget section */

/* Begin PBXProject section */
		AAE075A623FB5BBC000E56D4 /* Project object */ = {
			isa = PBXProject;
			attributes = {
				LastSwiftUpdateCheck = 1130;
				LastUpgradeCheck = 1130;
				ORGANIZATIONNAME = "John William Perez";
				TargetAttributes = {
					AAE075AD23FB5BBC000E56D4 = {
						CreatedOnToolsVersion = 11.3;
					};
					AAE075C323FB5BC0000E56D4 = {
						CreatedOnToolsVersion = 11.3;
						TestTargetID = AAE075AD23FB5BBC000E56D4;
					};
					AAE075CE23FB5BC0000E56D4 = {
						CreatedOnToolsVersion = 11.3;
						TestTargetID = AAE075AD23FB5BBC000E56D4;
					};
				};
			};
			buildConfigurationList = AAE075A923FB5BBC000E56D4 /* Build configuration list for PBXProject "CaptionThat2" */;
			compatibilityVersion = "Xcode 9.3";
			developmentRegion = en;
			hasScannedForEncodings = 0;
			knownRegions = (
				en,
				Base,
			);
			mainGroup = AAE075A523FB5BBC000E56D4;
			productRefGroup = AAE075AF23FB5BBC000E56D4 /* Products */;
			projectDirPath = "";
			projectRoot = "";
			targets = (
				AAE075AD23FB5BBC000E56D4 /* CaptionThat2 */,
				AAE075C323FB5BC0000E56D4 /* CaptionThat2Tests */,
				AAE075CE23FB5BC0000E56D4 /* CaptionThat2UITests */,
			);
		};
/* End PBXProject section */

/* Begin PBXResourcesBuildPhase section */
		AAE075AC23FB5BBC000E56D4 /* Resources */ = {
			isa = PBXResourcesBuildPhase;
			buildActionMask = 2147483647;
			files = (
				AAE075EC23FB5D24000E56D4 /* Main.storyboard in Resources */,
				AAE075BE23FB5BC0000E56D4 /* LaunchScreen.storyboard in Resources */,
				AAE075BB23FB5BC0000E56D4 /* Assets.xcassets in Resources */,
			);
			runOnlyForDeploymentPostprocessing = 0;
		};
		AAE075C223FB5BC0000E56D4 /* Resources */ = {
			isa = PBXResourcesBuildPhase;
			buildActionMask = 2147483647;
			files = (
			);
			runOnlyForDeploymentPostprocessing = 0;
		};
		AAE075CD23FB5BC0000E56D4 /* Resources */ = {
			isa = PBXResourcesBuildPhase;
			buildActionMask = 2147483647;
			files = (
			);
			runOnlyForDeploymentPostprocessing = 0;
		};
/* End PBXResourcesBuildPhase section */

/* Begin PBXSourcesBuildPhase section */
		AAE075AA23FB5BBC000E56D4 /* Sources */ = {
			isa = PBXSourcesBuildPhase;
			buildActionMask = 2147483647;
			files = (
				AAE075F023FB5DD6000E56D4 /* LandingViewController.swift in Sources */,
				AAE075E423FB5C7C000E56D4 /* Picture.swift in Sources */,
				AAE075E623FB5C96000E56D4 /* Caption.swift in Sources */,
				AAE075B223FB5BBD000E56D4 /* AppDelegate.swift in Sources */,
				AAE075F223FB5E2F000E56D4 /* CaptionedViewController.swift in Sources */,
				AAE075B423FB5BBD000E56D4 /* SceneDelegate.swift in Sources */,
			);
			runOnlyForDeploymentPostprocessing = 0;
		};
		AAE075C023FB5BC0000E56D4 /* Sources */ = {
			isa = PBXSourcesBuildPhase;
			buildActionMask = 2147483647;
			files = (
				AAE075C923FB5BC0000E56D4 /* CaptionThat2Tests.swift in Sources */,
			);
			runOnlyForDeploymentPostprocessing = 0;
		};
		AAE075CB23FB5BC0000E56D4 /* Sources */ = {
			isa = PBXSourcesBuildPhase;
			buildActionMask = 2147483647;
			files = (
				AAE075D423FB5BC0000E56D4 /* CaptionThat2UITests.swift in Sources */,
			);
			runOnlyForDeploymentPostprocessing = 0;
		};
/* End PBXSourcesBuildPhase section */

/* Begin PBXTargetDependency section */
		AAE075C623FB5BC0000E56D4 /* PBXTargetDependency */ = {
			isa = PBXTargetDependency;
			target = AAE075AD23FB5BBC000E56D4 /* CaptionThat2 */;
			targetProxy = AAE075C523FB5BC0000E56D4 /* PBXContainerItemProxy */;
		};
		AAE075D123FB5BC0000E56D4 /* PBXTargetDependency */ = {
			isa = PBXTargetDependency;
			target = AAE075AD23FB5BBC000E56D4 /* CaptionThat2 */;
			targetProxy = AAE075D023FB5BC0000E56D4 /* PBXContainerItemProxy */;
		};
/* End PBXTargetDependency section */

/* Begin PBXVariantGroup section */
		AAE075BC23FB5BC0000E56D4 /* LaunchScreen.storyboard */ = {
			isa = PBXVariantGroup;
			children = (
				AAE075BD23FB5BC0000E56D4 /* Base */,
			);
			name = LaunchScreen.storyboard;
			sourceTree = "<group>";
		};
/* End PBXVariantGroup section */

/* Begin XCBuildConfiguration section */
		AAE075D623FB5BC0000E56D4 /* Debug */ = {
			isa = XCBuildConfiguration;
			buildSettings = {
				ALWAYS_SEARCH_USER_PATHS = NO;
				CLANG_ANALYZER_NONNULL = YES;
				CLANG_ANALYZER_NUMBER_OBJECT_CONVERSION = YES_AGGRESSIVE;
				CLANG_CXX_LANGUAGE_STANDARD = "gnu++14";
				CLANG_CXX_LIBRARY = "libc++";
				CLANG_ENABLE_MODULES = YES;
				CLANG_ENABLE_OBJC_ARC = YES;
				CLANG_ENABLE_OBJC_WEAK = YES;
				CLANG_WARN_BLOCK_CAPTURE_AUTORELEASING = YES;
				CLANG_WARN_BOOL_CONVERSION = YES;
				CLANG_WARN_COMMA = YES;
				CLANG_WARN_CONSTANT_CONVERSION = YES;
				CLANG_WARN_DEPRECATED_OBJC_IMPLEMENTATIONS = YES;
				CLANG_WARN_DIRECT_OBJC_ISA_USAGE = YES_ERROR;
				CLANG_WARN_DOCUMENTATION_COMMENTS = YES;
				CLANG_WARN_EMPTY_BODY = YES;
				CLANG_WARN_ENUM_CONVERSION = YES;
				CLANG_WARN_INFINITE_RECURSION = YES;
				CLANG_WARN_INT_CONVERSION = YES;
				CLANG_WARN_NON_LITERAL_NULL_CONVERSION = YES;
				CLANG_WARN_OBJC_IMPLICIT_RETAIN_SELF = YES;
				CLANG_WARN_OBJC_LITERAL_CONVERSION = YES;
				CLANG_WARN_OBJC_ROOT_CLASS = YES_ERROR;
				CLANG_WARN_RANGE_LOOP_ANALYSIS = YES;
				CLANG_WARN_STRICT_PROTOTYPES = YES;
				CLANG_WARN_SUSPICIOUS_MOVE = YES;
				CLANG_WARN_UNGUARDED_AVAILABILITY = YES_AGGRESSIVE;
				CLANG_WARN_UNREACHABLE_CODE = YES;
				CLANG_WARN__DUPLICATE_METHOD_MATCH = YES;
				COPY_PHASE_STRIP = NO;
				DEBUG_INFORMATION_FORMAT = dwarf;
				ENABLE_STRICT_OBJC_MSGSEND = YES;
				ENABLE_TESTABILITY = YES;
				GCC_C_LANGUAGE_STANDARD = gnu11;
				GCC_DYNAMIC_NO_PIC = NO;
				GCC_NO_COMMON_BLOCKS = YES;
				GCC_OPTIMIZATION_LEVEL = 0;
				GCC_PREPROCESSOR_DEFINITIONS = (
					"DEBUG=1",
					"$(inherited)",
				);
				GCC_WARN_64_TO_32_BIT_CONVERSION = YES;
				GCC_WARN_ABOUT_RETURN_TYPE = YES_ERROR;
				GCC_WARN_UNDECLARED_SELECTOR = YES;
				GCC_WARN_UNINITIALIZED_AUTOS = YES_AGGRESSIVE;
				GCC_WARN_UNUSED_FUNCTION = YES;
				GCC_WARN_UNUSED_VARIABLE = YES;
				IPHONEOS_DEPLOYMENT_TARGET = 13.2;
				MTL_ENABLE_DEBUG_INFO = INCLUDE_SOURCE;
				MTL_FAST_MATH = YES;
				ONLY_ACTIVE_ARCH = YES;
				SDKROOT = iphoneos;
				SWIFT_ACTIVE_COMPILATION_CONDITIONS = DEBUG;
				SWIFT_OPTIMIZATION_LEVEL = "-Onone";
			};
			name = Debug;
		};
		AAE075D723FB5BC0000E56D4 /* Release */ = {
			isa = XCBuildConfiguration;
			buildSettings = {
				ALWAYS_SEARCH_USER_PATHS = NO;
				CLANG_ANALYZER_NONNULL = YES;
				CLANG_ANALYZER_NUMBER_OBJECT_CONVERSION = YES_AGGRESSIVE;
				CLANG_CXX_LANGUAGE_STANDARD = "gnu++14";
				CLANG_CXX_LIBRARY = "libc++";
				CLANG_ENABLE_MODULES = YES;
				CLANG_ENABLE_OBJC_ARC = YES;
				CLANG_ENABLE_OBJC_WEAK = YES;
				CLANG_WARN_BLOCK_CAPTURE_AUTORELEASING = YES;
				CLANG_WARN_BOOL_CONVERSION = YES;
				CLANG_WARN_COMMA = YES;
				CLANG_WARN_CONSTANT_CONVERSION = YES;
				CLANG_WARN_DEPRECATED_OBJC_IMPLEMENTATIONS = YES;
				CLANG_WARN_DIRECT_OBJC_ISA_USAGE = YES_ERROR;
				CLANG_WARN_DOCUMENTATION_COMMENTS = YES;
				CLANG_WARN_EMPTY_BODY = YES;
				CLANG_WARN_ENUM_CONVERSION = YES;
				CLANG_WARN_INFINITE_RECURSION = YES;
				CLANG_WARN_INT_CONVERSION = YES;
				CLANG_WARN_NON_LITERAL_NULL_CONVERSION = YES;
				CLANG_WARN_OBJC_IMPLICIT_RETAIN_SELF = YES;
				CLANG_WARN_OBJC_LITERAL_CONVERSION = YES;
				CLANG_WARN_OBJC_ROOT_CLASS = YES_ERROR;
				CLANG_WARN_RANGE_LOOP_ANALYSIS = YES;
				CLANG_WARN_STRICT_PROTOTYPES = YES;
				CLANG_WARN_SUSPICIOUS_MOVE = YES;
				CLANG_WARN_UNGUARDED_AVAILABILITY = YES_AGGRESSIVE;
				CLANG_WARN_UNREACHABLE_CODE = YES;
				CLANG_WARN__DUPLICATE_METHOD_MATCH = YES;
				COPY_PHASE_STRIP = NO;
				DEBUG_INFORMATION_FORMAT = "dwarf-with-dsym";
				ENABLE_NS_ASSERTIONS = NO;
				ENABLE_STRICT_OBJC_MSGSEND = YES;
				GCC_C_LANGUAGE_STANDARD = gnu11;
				GCC_NO_COMMON_BLOCKS = YES;
				GCC_WARN_64_TO_32_BIT_CONVERSION = YES;
				GCC_WARN_ABOUT_RETURN_TYPE = YES_ERROR;
				GCC_WARN_UNDECLARED_SELECTOR = YES;
				GCC_WARN_UNINITIALIZED_AUTOS = YES_AGGRESSIVE;
				GCC_WARN_UNUSED_FUNCTION = YES;
				GCC_WARN_UNUSED_VARIABLE = YES;
				IPHONEOS_DEPLOYMENT_TARGET = 13.2;
				MTL_ENABLE_DEBUG_INFO = NO;
				MTL_FAST_MATH = YES;
				SDKROOT = iphoneos;
				SWIFT_COMPILATION_MODE = wholemodule;
				SWIFT_OPTIMIZATION_LEVEL = "-O";
				VALIDATE_PRODUCT = YES;
			};
			name = Release;
		};
		AAE075D923FB5BC0000E56D4 /* Debug */ = {
			isa = XCBuildConfiguration;
			buildSettings = {
				ASSETCATALOG_COMPILER_APPICON_NAME = AppIcon;
				CODE_SIGN_STYLE = Automatic;
				INFOPLIST_FILE = CaptionThat2/Info.plist;
				LD_RUNPATH_SEARCH_PATHS = (
					"$(inherited)",
					"@executable_path/Frameworks",
				);
				PRODUCT_BUNDLE_IDENTIFIER = com.cis44..CaptionThat2;
				PRODUCT_NAME = "$(TARGET_NAME)";
				SWIFT_VERSION = 5.0;
				TARGETED_DEVICE_FAMILY = "1,2";
			};
			name = Debug;
		};
		AAE075DA23FB5BC0000E56D4 /* Release */ = {
			isa = XCBuildConfiguration;
			buildSettings = {
				ASSETCATALOG_COMPILER_APPICON_NAME = AppIcon;
				CODE_SIGN_STYLE = Automatic;
				INFOPLIST_FILE = CaptionThat2/Info.plist;
				LD_RUNPATH_SEARCH_PATHS = (
					"$(inherited)",
					"@executable_path/Frameworks",
				);
				PRODUCT_BUNDLE_IDENTIFIER = com.cis44..CaptionThat2;
				PRODUCT_NAME = "$(TARGET_NAME)";
				SWIFT_VERSION = 5.0;
				TARGETED_DEVICE_FAMILY = "1,2";
			};
			name = Release;
		};
		AAE075DC23FB5BC0000E56D4 /* Debug */ = {
			isa = XCBuildConfiguration;
			buildSettings = {
				ALWAYS_EMBED_SWIFT_STANDARD_LIBRARIES = YES;
				BUNDLE_LOADER = "$(TEST_HOST)";
				CODE_SIGN_STYLE = Automatic;
				INFOPLIST_FILE = CaptionThat2Tests/Info.plist;
				IPHONEOS_DEPLOYMENT_TARGET = 13.2;
				LD_RUNPATH_SEARCH_PATHS = (
					"$(inherited)",
					"@executable_path/Frameworks",
					"@loader_path/Frameworks",
				);
				PRODUCT_BUNDLE_IDENTIFIER = com.cis44..CaptionThat2Tests;
				PRODUCT_NAME = "$(TARGET_NAME)";
				SWIFT_VERSION = 5.0;
				TARGETED_DEVICE_FAMILY = "1,2";
				TEST_HOST = "$(BUILT_PRODUCTS_DIR)/CaptionThat2.app/CaptionThat2";
			};
			name = Debug;
		};
		AAE075DD23FB5BC0000E56D4 /* Release */ = {
			isa = XCBuildConfiguration;
			buildSettings = {
				ALWAYS_EMBED_SWIFT_STANDARD_LIBRARIES = YES;
				BUNDLE_LOADER = "$(TEST_HOST)";
				CODE_SIGN_STYLE = Automatic;
				INFOPLIST_FILE = CaptionThat2Tests/Info.plist;
				IPHONEOS_DEPLOYMENT_TARGET = 13.2;
				LD_RUNPATH_SEARCH_PATHS = (
					"$(inherited)",
					"@executable_path/Frameworks",
					"@loader_path/Frameworks",
				);
				PRODUCT_BUNDLE_IDENTIFIER = com.cis44..CaptionThat2Tests;
				PRODUCT_NAME = "$(TARGET_NAME)";
				SWIFT_VERSION = 5.0;
				TARGETED_DEVICE_FAMILY = "1,2";
				TEST_HOST = "$(BUILT_PRODUCTS_DIR)/CaptionThat2.app/CaptionThat2";
			};
			name = Release;
		};
		AAE075DF23FB5BC0000E56D4 /* Debug */ = {
			isa = XCBuildConfiguration;
			buildSettings = {
				ALWAYS_EMBED_SWIFT_STANDARD_LIBRARIES = YES;
				CODE_SIGN_STYLE = Automatic;
				INFOPLIST_FILE = CaptionThat2UITests/Info.plist;
				LD_RUNPATH_SEARCH_PATHS = (
					"$(inherited)",
					"@executable_path/Frameworks",
					"@loader_path/Frameworks",
				);
				PRODUCT_BUNDLE_IDENTIFIER = com.cis44..CaptionThat2UITests;
				PRODUCT_NAME = "$(TARGET_NAME)";
				SWIFT_VERSION = 5.0;
				TARGETED_DEVICE_FAMILY = "1,2";
				TEST_TARGET_NAME = CaptionThat2;
			};
			name = Debug;
		};
		AAE075E023FB5BC0000E56D4 /* Release */ = {
			isa = XCBuildConfiguration;
			buildSettings = {
				ALWAYS_EMBED_SWIFT_STANDARD_LIBRARIES = YES;
				CODE_SIGN_STYLE = Automatic;
				INFOPLIST_FILE = CaptionThat2UITests/Info.plist;
				LD_RUNPATH_SEARCH_PATHS = (
					"$(inherited)",
					"@executable_path/Frameworks",
					"@loader_path/Frameworks",
				);
				PRODUCT_BUNDLE_IDENTIFIER = com.cis44..CaptionThat2UITests;
				PRODUCT_NAME = "$(TARGET_NAME)";
				SWIFT_VERSION = 5.0;
				TARGETED_DEVICE_FAMILY = "1,2";
				TEST_TARGET_NAME = CaptionThat2;
			};
			name = Release;
		};
/* End XCBuildConfiguration section */

/* Begin XCConfigurationList section */
		AAE075A923FB5BBC000E56D4 /* Build configuration list for PBXProject "CaptionThat2" */ = {
			isa = XCConfigurationList;
			buildConfigurations = (
				AAE075D623FB5BC0000E56D4 /* Debug */,
				AAE075D723FB5BC0000E56D4 /* Release */,
			);
			defaultConfigurationIsVisible = 0;
			defaultConfigurationName = Release;
		};
		AAE075D823FB5BC0000E56D4 /* Build configuration list for PBXNativeTarget "CaptionThat2" */ = {
			isa = XCConfigurationList;
			buildConfigurations = (
				AAE075D923FB5BC0000E56D4 /* Debug */,
				AAE075DA23FB5BC0000E56D4 /* Release */,
			);
			defaultConfigurationIsVisible = 0;
			defaultConfigurationName = Release;
		};
		AAE075DB23FB5BC0000E56D4 /* Build configuration list for PBXNativeTarget "CaptionThat2Tests" */ = {
			isa = XCConfigurationList;
			buildConfigurations = (
				AAE075DC23FB5BC0000E56D4 /* Debug */,
				AAE075DD23FB5BC0000E56D4 /* Release */,
			);
			defaultConfigurationIsVisible = 0;
			defaultConfigurationName = Release;
		};
		AAE075DE23FB5BC0000E56D4 /* Build configuration list for PBXNativeTarget "CaptionThat2UITests" */ = {
			isa = XCConfigurationList;
			buildConfigurations = (
				AAE075DF23FB5BC0000E56D4 /* Debug */,
				AAE075E023FB5BC0000E56D4 /* Release */,
			);
			defaultConfigurationIsVisible = 0;
			defaultConfigurationName = Release;
		};
/* End XCConfigurationList section */
	};
	rootObject = AAE075A623FB5BBC000E56D4 /* Project object */;
}
